// !$*UTF8*$!
{
	archiveVersion = 1;
	classes = {
	};
	objectVersion = 50;
	objects = {

/* Begin PBXBuildFile section */
		3063CB8D20ECC22D009B75B1 /* AppDelegate.m in Sources */ = {isa = PBXBuildFile; fileRef = 3063CB8C20ECC22D009B75B1 /* AppDelegate.m */; };
		3063CB9020ECC22D009B75B1 /* ViewController.m in Sources */ = {isa = PBXBuildFile; fileRef = 3063CB8F20ECC22D009B75B1 /* ViewController.m */; };
		3063CB9320ECC22D009B75B1 /* Main.storyboard in Resources */ = {isa = PBXBuildFile; fileRef = 3063CB9120ECC22D009B75B1 /* Main.storyboard */; };
		3063CB9520ECC22E009B75B1 /* Assets.xcassets in Resources */ = {isa = PBXBuildFile; fileRef = 3063CB9420ECC22E009B75B1 /* Assets.xcassets */; };
		3063CB9820ECC22E009B75B1 /* LaunchScreen.storyboard in Resources */ = {isa = PBXBuildFile; fileRef = 3063CB9620ECC22E009B75B1 /* LaunchScreen.storyboard */; };
		3063CB9B20ECC22E009B75B1 /* main.m in Sources */ = {isa = PBXBuildFile; fileRef = 3063CB9A20ECC22E009B75B1 /* main.m */; };
		3063CBA520ECC22E009B75B1 /* FJTextInputIntercepterDemoTests.m in Sources */ = {isa = PBXBuildFile; fileRef = 3063CBA420ECC22E009B75B1 /* FJTextInputIntercepterDemoTests.m */; };
		3063CBB020ECC22E009B75B1 /* FJTextInputIntercepterDemoUITests.m in Sources */ = {isa = PBXBuildFile; fileRef = 3063CBAF20ECC22E009B75B1 /* FJTextInputIntercepterDemoUITests.m */; };
		3063CBC620ECC240009B75B1 /* NSString+FJFTextInputStringType.m in Sources */ = {isa = PBXBuildFile; fileRef = 3063CBBF20ECC240009B75B1 /* NSString+FJFTextInputStringType.m */; };
		3063CBC920ECC240009B75B1 /* FJFTextInputIntercepter.m in Sources */ = {isa = PBXBuildFile; fileRef = 3063CBC520ECC240009B75B1 /* FJFTextInputIntercepter.m */; };
		3063CBCC20EE16F2009B75B1 /* FJTextFieldView.m in Sources */ = {isa = PBXBuildFile; fileRef = 3063CBCB20EE16F2009B75B1 /* FJTextFieldView.m */; };
		64FE5F38227EC9D200C9552C /* FJFTextView.m in Sources */ = {isa = PBXBuildFile; fileRef = 64FE5F37227EC9D200C9552C /* FJFTextView.m */; };
/* End PBXBuildFile section */

/* Begin PBXContainerItemProxy section */
		3063CBA120ECC22E009B75B1 /* PBXContainerItemProxy */ = {
			isa = PBXContainerItemProxy;
			containerPortal = 3063CB8020ECC22D009B75B1 /* Project object */;
			proxyType = 1;
			remoteGlobalIDString = 3063CB8720ECC22D009B75B1;
			remoteInfo = FJTextInputIntercepterDemo;
		};
		3063CBAC20ECC22E009B75B1 /* PBXContainerItemProxy */ = {
			isa = PBXContainerItemProxy;
			containerPortal = 3063CB8020ECC22D009B75B1 /* Project object */;
			proxyType = 1;
			remoteGlobalIDString = 3063CB8720ECC22D009B75B1;
			remoteInfo = FJTextInputIntercepterDemo;
		};
/* End PBXContainerItemProxy section */

/* Begin PBXFileReference section */
		3063CB8820ECC22D009B75B1 /* FJTextInputIntercepterDemo.app */ = {isa = PBXFileReference; explicitFileType = wrapper.application; includeInIndex = 0; path = FJTextInputIntercepterDemo.app; sourceTree = BUILT_PRODUCTS_DIR; };
		3063CB8B20ECC22D009B75B1 /* AppDelegate.h */ = {isa = PBXFileReference; lastKnownFileType = sourcecode.c.h; path = AppDelegate.h; sourceTree = "<group>"; };
		3063CB8C20ECC22D009B75B1 /* AppDelegate.m */ = {isa = PBXFileReference; lastKnownFileType = sourcecode.c.objc; path = AppDelegate.m; sourceTree = "<group>"; };
		3063CB8E20ECC22D009B75B1 /* ViewController.h */ = {isa = PBXFileReference; lastKnownFileType = sourcecode.c.h; path = ViewController.h; sourceTree = "<group>"; };
		3063CB8F20ECC22D009B75B1 /* ViewController.m */ = {isa = PBXFileReference; lastKnownFileType = sourcecode.c.objc; path = ViewController.m; sourceTree = "<group>"; };
		3063CB9220ECC22D009B75B1 /* Base */ = {isa = PBXFileReference; lastKnownFileType = file.storyboard; name = Base; path = Base.lproj/Main.storyboard; sourceTree = "<group>"; };
		3063CB9420ECC22E009B75B1 /* Assets.xcassets */ = {isa = PBXFileReference; lastKnownFileType = folder.assetcatalog; path = Assets.xcassets; sourceTree = "<group>"; };
		3063CB9720ECC22E009B75B1 /* Base */ = {isa = PBXFileReference; lastKnownFileType = file.storyboard; name = Base; path = Base.lproj/LaunchScreen.storyboard; sourceTree = "<group>"; };
		3063CB9920ECC22E009B75B1 /* Info.plist */ = {isa = PBXFileReference; lastKnownFileType = text.plist.xml; path = Info.plist; sourceTree = "<group>"; };
		3063CB9A20ECC22E009B75B1 /* main.m */ = {isa = PBXFileReference; lastKnownFileType = sourcecode.c.objc; path = main.m; sourceTree = "<group>"; };
		3063CBA020ECC22E009B75B1 /* FJTextInputIntercepterDemoTests.xctest */ = {isa = PBXFileReference; explicitFileType = wrapper.cfbundle; includeInIndex = 0; path = FJTextInputIntercepterDemoTests.xctest; sourceTree = BUILT_PRODUCTS_DIR; };
		3063CBA420ECC22E009B75B1 /* FJTextInputIntercepterDemoTests.m */ = {isa = PBXFileReference; lastKnownFileType = sourcecode.c.objc; path = FJTextInputIntercepterDemoTests.m; sourceTree = "<group>"; };
		3063CBA620ECC22E009B75B1 /* Info.plist */ = {isa = PBXFileReference; lastKnownFileType = text.plist.xml; path = Info.plist; sourceTree = "<group>"; };
		3063CBAB20ECC22E009B75B1 /* FJTextInputIntercepterDemoUITests.xctest */ = {isa = PBXFileReference; explicitFileType = wrapper.cfbundle; includeInIndex = 0; path = FJTextInputIntercepterDemoUITests.xctest; sourceTree = BUILT_PRODUCTS_DIR; };
		3063CBAF20ECC22E009B75B1 /* FJTextInputIntercepterDemoUITests.m */ = {isa = PBXFileReference; lastKnownFileType = sourcecode.c.objc; path = FJTextInputIntercepterDemoUITests.m; sourceTree = "<group>"; };
		3063CBB120ECC22E009B75B1 /* Info.plist */ = {isa = PBXFileReference; lastKnownFileType = text.plist.xml; path = Info.plist; sourceTree = "<group>"; };
		3063CBBE20ECC240009B75B1 /* NSString+FJFTextInputStringType.h */ = {isa = PBXFileReference; fileEncoding = 4; lastKnownFileType = sourcecode.c.h; path = "NSString+FJFTextInputStringType.h"; sourceTree = "<group>"; };
		3063CBBF20ECC240009B75B1 /* NSString+FJFTextInputStringType.m */ = {isa = PBXFileReference; fileEncoding = 4; lastKnownFileType = sourcecode.c.objc; path = "NSString+FJFTextInputStringType.m"; sourceTree = "<group>"; };
		3063CBC420ECC240009B75B1 /* FJFTextInputIntercepter.h */ = {isa = PBXFileReference; fileEncoding = 4; lastKnownFileType = sourcecode.c.h; path = FJFTextInputIntercepter.h; sourceTree = "<group>"; };
		3063CBC520ECC240009B75B1 /* FJFTextInputIntercepter.m */ = {isa = PBXFileReference; fileEncoding = 4; lastKnownFileType = sourcecode.c.objc; path = FJFTextInputIntercepter.m; sourceTree = "<group>"; };
		3063CBCA20EE16F2009B75B1 /* FJTextFieldView.h */ = {isa = PBXFileReference; lastKnownFileType = sourcecode.c.h; path = FJTextFieldView.h; sourceTree = "<group>"; };
		3063CBCB20EE16F2009B75B1 /* FJTextFieldView.m */ = {isa = PBXFileReference; lastKnownFileType = sourcecode.c.objc; path = FJTextFieldView.m; sourceTree = "<group>"; };
		64FE5F36227EC9D200C9552C /* FJFTextView.h */ = {isa = PBXFileReference; fileEncoding = 4; lastKnownFileType = sourcecode.c.h; path = FJFTextView.h; sourceTree = "<group>"; };
		64FE5F37227EC9D200C9552C /* FJFTextView.m */ = {isa = PBXFileReference; fileEncoding = 4; lastKnownFileType = sourcecode.c.objc; path = FJFTextView.m; sourceTree = "<group>"; };
/* End PBXFileReference section */

/* Begin PBXFrameworksBuildPhase section */
		3063CB8520ECC22D009B75B1 /* Frameworks */ = {
			isa = PBXFrameworksBuildPhase;
			buildActionMask = 2147483647;
			files = (
			);
			runOnlyForDeploymentPostprocessing = 0;
		};
		3063CB9D20ECC22E009B75B1 /* Frameworks */ = {
			isa = PBXFrameworksBuildPhase;
			buildActionMask = 2147483647;
			files = (
			);
			runOnlyForDeploymentPostprocessing = 0;
		};
		3063CBA820ECC22E009B75B1 /* Frameworks */ = {
			isa = PBXFrameworksBuildPhase;
			buildActionMask = 2147483647;
			files = (
			);
			runOnlyForDeploymentPostprocessing = 0;
		};
/* End PBXFrameworksBuildPhase section */

/* Begin PBXGroup section */
		3063CB7F20ECC22D009B75B1 = {
			isa = PBXGroup;
			children = (
				64FE5F35227EC9D200C9552C /* FJFTextView */,
				3063CBBD20ECC240009B75B1 /* FJFTextInputIntercepter */,
				3063CB8A20ECC22D009B75B1 /* FJTextInputIntercepterDemo */,
				3063CBA320ECC22E009B75B1 /* FJTextInputIntercepterDemoTests */,
				3063CBAE20ECC22E009B75B1 /* FJTextInputIntercepterDemoUITests */,
				3063CB8920ECC22D009B75B1 /* Products */,
			);
			sourceTree = "<group>";
		};
		3063CB8920ECC22D009B75B1 /* Products */ = {
			isa = PBXGroup;
			children = (
				3063CB8820ECC22D009B75B1 /* FJTextInputIntercepterDemo.app */,
				3063CBA020ECC22E009B75B1 /* FJTextInputIntercepterDemoTests.xctest */,
				3063CBAB20ECC22E009B75B1 /* FJTextInputIntercepterDemoUITests.xctest */,
			);
			name = Products;
			sourceTree = "<group>";
		};
		3063CB8A20ECC22D009B75B1 /* FJTextInputIntercepterDemo */ = {
			isa = PBXGroup;
			children = (
				3063CB8B20ECC22D009B75B1 /* AppDelegate.h */,
				3063CB8C20ECC22D009B75B1 /* AppDelegate.m */,
				3063CB8E20ECC22D009B75B1 /* ViewController.h */,
				3063CB8F20ECC22D009B75B1 /* ViewController.m */,
				3063CBCA20EE16F2009B75B1 /* FJTextFieldView.h */,
				3063CBCB20EE16F2009B75B1 /* FJTextFieldView.m */,
				3063CB9120ECC22D009B75B1 /* Main.storyboard */,
				3063CB9420ECC22E009B75B1 /* Assets.xcassets */,
				3063CB9620ECC22E009B75B1 /* LaunchScreen.storyboard */,
				3063CB9920ECC22E009B75B1 /* Info.plist */,
				3063CB9A20ECC22E009B75B1 /* main.m */,
			);
			path = FJTextInputIntercepterDemo;
			sourceTree = "<group>";
		};
		3063CBA320ECC22E009B75B1 /* FJTextInputIntercepterDemoTests */ = {
			isa = PBXGroup;
			children = (
				3063CBA420ECC22E009B75B1 /* FJTextInputIntercepterDemoTests.m */,
				3063CBA620ECC22E009B75B1 /* Info.plist */,
			);
			path = FJTextInputIntercepterDemoTests;
			sourceTree = "<group>";
		};
		3063CBAE20ECC22E009B75B1 /* FJTextInputIntercepterDemoUITests */ = {
			isa = PBXGroup;
			children = (
				3063CBAF20ECC22E009B75B1 /* FJTextInputIntercepterDemoUITests.m */,
				3063CBB120ECC22E009B75B1 /* Info.plist */,
			);
			path = FJTextInputIntercepterDemoUITests;
			sourceTree = "<group>";
		};
		3063CBBD20ECC240009B75B1 /* FJFTextInputIntercepter */ = {
			isa = PBXGroup;
			children = (
				3063CBBE20ECC240009B75B1 /* NSString+FJFTextInputStringType.h */,
				3063CBBF20ECC240009B75B1 /* NSString+FJFTextInputStringType.m */,
				3063CBC420ECC240009B75B1 /* FJFTextInputIntercepter.h */,
				3063CBC520ECC240009B75B1 /* FJFTextInputIntercepter.m */,
			);
			path = FJFTextInputIntercepter;
			sourceTree = "<group>";
		};
		64FE5F35227EC9D200C9552C /* FJFTextView */ = {
			isa = PBXGroup;
			children = (
				64FE5F36227EC9D200C9552C /* FJFTextView.h */,
				64FE5F37227EC9D200C9552C /* FJFTextView.m */,
			);
			path = FJFTextView;
			sourceTree = "<group>";
		};
/* End PBXGroup section */

/* Begin PBXNativeTarget section */
		3063CB8720ECC22D009B75B1 /* FJTextInputIntercepterDemo */ = {
			isa = PBXNativeTarget;
			buildConfigurationList = 3063CBB420ECC22E009B75B1 /* Build configuration list for PBXNativeTarget "FJTextInputIntercepterDemo" */;
			buildPhases = (
				3063CB8420ECC22D009B75B1 /* Sources */,
				3063CB8520ECC22D009B75B1 /* Frameworks */,
				3063CB8620ECC22D009B75B1 /* Resources */,
			);
			buildRules = (
			);
			dependencies = (
			);
			name = FJTextInputIntercepterDemo;
			productName = FJTextInputIntercepterDemo;
			productReference = 3063CB8820ECC22D009B75B1 /* FJTextInputIntercepterDemo.app */;
			productType = "com.apple.product-type.application";
		};
		3063CB9F20ECC22E009B75B1 /* FJTextInputIntercepterDemoTests */ = {
			isa = PBXNativeTarget;
			buildConfigurationList = 3063CBB720ECC22E009B75B1 /* Build configuration list for PBXNativeTarget "FJTextInputIntercepterDemoTests" */;
			buildPhases = (
				3063CB9C20ECC22E009B75B1 /* Sources */,
				3063CB9D20ECC22E009B75B1 /* Frameworks */,
				3063CB9E20ECC22E009B75B1 /* Resources */,
			);
			buildRules = (
			);
			dependencies = (
				3063CBA220ECC22E009B75B1 /* PBXTargetDependency */,
			);
			name = FJTextInputIntercepterDemoTests;
			productName = FJTextInputIntercepterDemoTests;
			productReference = 3063CBA020ECC22E009B75B1 /* FJTextInputIntercepterDemoTests.xctest */;
			productType = "com.apple.product-type.bundle.unit-test";
		};
		3063CBAA20ECC22E009B75B1 /* FJTextInputIntercepterDemoUITests */ = {
			isa = PBXNativeTarget;
			buildConfigurationList = 3063CBBA20ECC22E009B75B1 /* Build configuration list for PBXNativeTarget "FJTextInputIntercepterDemoUITests" */;
			buildPhases = (
				3063CBA720ECC22E009B75B1 /* Sources */,
				3063CBA820ECC22E009B75B1 /* Frameworks */,
				3063CBA920ECC22E009B75B1 /* Resources */,
			);
			buildRules = (
			);
			dependencies = (
				3063CBAD20ECC22E009B75B1 /* PBXTargetDependency */,
			);
			name = FJTextInputIntercepterDemoUITests;
			productName = FJTextInputIntercepterDemoUITests;
			productReference = 3063CBAB20ECC22E009B75B1 /* FJTextInputIntercepterDemoUITests.xctest */;
			productType = "com.apple.product-type.bundle.ui-testing";
		};
/* End PBXNativeTarget section */

/* Begin PBXProject section */
		3063CB8020ECC22D009B75B1 /* Project object */ = {
			isa = PBXProject;
			attributes = {
				LastUpgradeCheck = 0940;
				ORGANIZATIONNAME = fjf;
				TargetAttributes = {
					3063CB8720ECC22D009B75B1 = {
						CreatedOnToolsVersion = 9.4;
					};
					3063CB9F20ECC22E009B75B1 = {
						CreatedOnToolsVersion = 9.4;
						TestTargetID = 3063CB8720ECC22D009B75B1;
					};
					3063CBAA20ECC22E009B75B1 = {
						CreatedOnToolsVersion = 9.4;
						TestTargetID = 3063CB8720ECC22D009B75B1;
					};
				};
			};
			buildConfigurationList = 3063CB8320ECC22D009B75B1 /* Build configuration list for PBXProject "FJTextInputIntercepterDemo" */;
			compatibilityVersion = "Xcode 9.3";
			developmentRegion = en;
			hasScannedForEncodings = 0;
			knownRegions = (
				en,
				Base,
			);
			mainGroup = 3063CB7F20ECC22D009B75B1;
			productRefGroup = 3063CB8920ECC22D009B75B1 /* Products */;
			projectDirPath = "";
			projectRoot = "";
			targets = (
				3063CB8720ECC22D009B75B1 /* FJTextInputIntercepterDemo */,
				3063CB9F20ECC22E009B75B1 /* FJTextInputIntercepterDemoTests */,
				3063CBAA20ECC22E009B75B1 /* FJTextInputIntercepterDemoUITests */,
			);
		};
/* End PBXProject section */

/* Begin PBXResourcesBuildPhase section */
		3063CB8620ECC22D009B75B1 /* Resources */ = {
			isa = PBXResourcesBuildPhase;
			buildActionMask = 2147483647;
			files = (
				3063CB9820ECC22E009B75B1 /* LaunchScreen.storyboard in Resources */,
				3063CB9520ECC22E009B75B1 /* Assets.xcassets in Resources */,
				3063CB9320ECC22D009B75B1 /* Main.storyboard in Resources */,
			);
			runOnlyForDeploymentPostprocessing = 0;
		};
		3063CB9E20ECC22E009B75B1 /* Resources */ = {
			isa = PBXResourcesBuildPhase;
			buildActionMask = 2147483647;
			files = (
			);
			runOnlyForDeploymentPostprocessing = 0;
		};
		3063CBA920ECC22E009B75B1 /* Resources */ = {
			isa = PBXResourcesBuildPhase;
			buildActionMask = 2147483647;
			files = (
			);
			runOnlyForDeploymentPostprocessing = 0;
		};
/* End PBXResourcesBuildPhase section */

/* Begin PBXSourcesBuildPhase section */
		3063CB8420ECC22D009B75B1 /* Sources */ = {
			isa = PBXSourcesBuildPhase;
			buildActionMask = 2147483647;
			files = (
				3063CB9020ECC22D009B75B1 /* ViewController.m in Sources */,
				3063CBCC20EE16F2009B75B1 /* FJTextFieldView.m in Sources */,
				3063CB9B20ECC22E009B75B1 /* main.m in Sources */,
				64FE5F38227EC9D200C9552C /* FJFTextView.m in Sources */,
				3063CBC620ECC240009B75B1 /* NSString+FJFTextInputStringType.m in Sources */,
				3063CBC920ECC240009B75B1 /* FJFTextInputIntercepter.m in Sources */,
				3063CB8D20ECC22D009B75B1 /* AppDelegate.m in Sources */,
			);
			runOnlyForDeploymentPostprocessing = 0;
		};
		3063CB9C20ECC22E009B75B1 /* Sources */ = {
			isa = PBXSourcesBuildPhase;
			buildActionMask = 2147483647;
			files = (
				3063CBA520ECC22E009B75B1 /* FJTextInputIntercepterDemoTests.m in Sources */,
			);
			runOnlyForDeploymentPostprocessing = 0;
		};
		3063CBA720ECC22E009B75B1 /* Sources */ = {
			isa = PBXSourcesBuildPhase;
			buildActionMask = 2147483647;
			files = (
				3063CBB020ECC22E009B75B1 /* FJTextInputIntercepterDemoUITests.m in Sources */,
			);
			runOnlyForDeploymentPostprocessing = 0;
		};
/* End PBXSourcesBuildPhase section */

/* Begin PBXTargetDependency section */
		3063CBA220ECC22E009B75B1 /* PBXTargetDependency */ = {
			isa = PBXTargetDependency;
			target = 3063CB8720ECC22D009B75B1 /* FJTextInputIntercepterDemo */;
			targetProxy = 3063CBA120ECC22E009B75B1 /* PBXContainerItemProxy */;
		};
		3063CBAD20ECC22E009B75B1 /* PBXTargetDependency */ = {
			isa = PBXTargetDependency;
			target = 3063CB8720ECC22D009B75B1 /* FJTextInputIntercepterDemo */;
			targetProxy = 3063CBAC20ECC22E009B75B1 /* PBXContainerItemProxy */;
		};
/* End PBXTargetDependency section */

/* Begin PBXVariantGroup section */
		3063CB9120ECC22D009B75B1 /* Main.storyboard */ = {
			isa = PBXVariantGroup;
			children = (
				3063CB9220ECC22D009B75B1 /* Base */,
			);
			name = Main.storyboard;
			sourceTree = "<group>";
		};
		3063CB9620ECC22E009B75B1 /* LaunchScreen.storyboard */ = {
			isa = PBXVariantGroup;
			children = (
				3063CB9720ECC22E009B75B1 /* Base */,
			);
			name = LaunchScreen.storyboard;
			sourceTree = "<group>";
		};
/* End PBXVariantGroup section */

/* Begin XCBuildConfiguration section */
		3063CBB220ECC22E009B75B1 /* Debug */ = {
			isa = XCBuildConfiguration;
			buildSettings = {
				ALWAYS_SEARCH_USER_PATHS = NO;
				CLANG_ANALYZER_NONNULL = YES;
				CLANG_ANALYZER_NUMBER_OBJECT_CONVERSION = YES_AGGRESSIVE;
				CLANG_CXX_LANGUAGE_STANDARD = "gnu++14";
				CLANG_CXX_LIBRARY = "libc++";
				CLANG_ENABLE_MODULES = YES;
				CLANG_ENABLE_OBJC_ARC = YES;
				CLANG_ENABLE_OBJC_WEAK = YES;
				CLANG_WARN_BLOCK_CAPTURE_AUTORELEASING = YES;
				CLANG_WARN_BOOL_CONVERSION = YES;
				CLANG_WARN_COMMA = YES;
				CLANG_WARN_CONSTANT_CONVERSION = YES;
				CLANG_WARN_DEPRECATED_OBJC_IMPLEMENTATIONS = YES;
				CLANG_WARN_DIRECT_OBJC_ISA_USAGE = YES_ERROR;
				CLANG_WARN_DOCUMENTATION_COMMENTS = YES;
				CLANG_WARN_EMPTY_BODY = YES;
				CLANG_WARN_ENUM_CONVERSION = YES;
				CLANG_WARN_INFINITE_RECURSION = YES;
				CLANG_WARN_INT_CONVERSION = YES;
				CLANG_WARN_NON_LITERAL_NULL_CONVERSION = YES;
				CLANG_WARN_OBJC_IMPLICIT_RETAIN_SELF = YES;
				CLANG_WARN_OBJC_LITERAL_CONVERSION = YES;
				CLANG_WARN_OBJC_ROOT_CLASS = YES_ERROR;
				CLANG_WARN_RANGE_LOOP_ANALYSIS = YES;
				CLANG_WARN_STRICT_PROTOTYPES = YES;
				CLANG_WARN_SUSPICIOUS_MOVE = YES;
				CLANG_WARN_UNGUARDED_AVAILABILITY = YES_AGGRESSIVE;
				CLANG_WARN_UNREACHABLE_CODE = YES;
				CLANG_WARN__DUPLICATE_METHOD_MATCH = YES;
				CODE_SIGN_IDENTITY = "iPhone Developer";
				COPY_PHASE_STRIP = NO;
				DEBUG_INFORMATION_FORMAT = dwarf;
				ENABLE_STRICT_OBJC_MSGSEND = YES;
				ENABLE_TESTABILITY = YES;
				GCC_C_LANGUAGE_STANDARD = gnu11;
				GCC_DYNAMIC_NO_PIC = NO;
				GCC_NO_COMMON_BLOCKS = YES;
				GCC_OPTIMIZATION_LEVEL = 0;
				GCC_PREPROCESSOR_DEFINITIONS = (
					"DEBUG=1",
					"$(inherited)",
				);
				GCC_WARN_64_TO_32_BIT_CONVERSION = YES;
				GCC_WARN_ABOUT_RETURN_TYPE = YES_ERROR;
				GCC_WARN_UNDECLARED_SELECTOR = YES;
				GCC_WARN_UNINITIALIZED_AUTOS = YES_AGGRESSIVE;
				GCC_WARN_UNUSED_FUNCTION = YES;
				GCC_WARN_UNUSED_VARIABLE = YES;
				IPHONEOS_DEPLOYMENT_TARGET = 11.4;
				MTL_ENABLE_DEBUG_INFO = YES;
				ONLY_ACTIVE_ARCH = YES;
				SDKROOT = iphoneos;
			};
			name = Debug;
		};
		3063CBB320ECC22E009B75B1 /* Release */ = {
			isa = XCBuildConfiguration;
			buildSettings = {
				ALWAYS_SEARCH_USER_PATHS = NO;
				CLANG_ANALYZER_NONNULL = YES;
				CLANG_ANALYZER_NUMBER_OBJECT_CONVERSION = YES_AGGRESSIVE;
				CLANG_CXX_LANGUAGE_STANDARD = "gnu++14";
				CLANG_CXX_LIBRARY = "libc++";
				CLANG_ENABLE_MODULES = YES;
				CLANG_ENABLE_OBJC_ARC = YES;
				CLANG_ENABLE_OBJC_WEAK = YES;
				CLANG_WARN_BLOCK_CAPTURE_AUTORELEASING = YES;
				CLANG_WARN_BOOL_CONVERSION = YES;
				CLANG_WARN_COMMA = YES;
				CLANG_WARN_CONSTANT_CONVERSION = YES;
				CLANG_WARN_DEPRECATED_OBJC_IMPLEMENTATIONS = YES;
				CLANG_WARN_DIRECT_OBJC_ISA_USAGE = YES_ERROR;
				CLANG_WARN_DOCUMENTATION_COMMENTS = YES;
				CLANG_WARN_EMPTY_BODY = YES;
				CLANG_WARN_ENUM_CONVERSION = YES;
				CLANG_WARN_INFINITE_RECURSION = YES;
				CLANG_WARN_INT_CONVERSION = YES;
				CLANG_WARN_NON_LITERAL_NULL_CONVERSION = YES;
				CLANG_WARN_OBJC_IMPLICIT_RETAIN_SELF = YES;
				CLANG_WARN_OBJC_LITERAL_CONVERSION = YES;
				CLANG_WARN_OBJC_ROOT_CLASS = YES_ERROR;
				CLANG_WARN_RANGE_LOOP_ANALYSIS = YES;
				CLANG_WARN_STRICT_PROTOTYPES = YES;
				CLANG_WARN_SUSPICIOUS_MOVE = YES;
				CLANG_WARN_UNGUARDED_AVAILABILITY = YES_AGGRESSIVE;
				CLANG_WARN_UNREACHABLE_CODE = YES;
				CLANG_WARN__DUPLICATE_METHOD_MATCH = YES;
				CODE_SIGN_IDENTITY = "iPhone Developer";
				COPY_PHASE_STRIP = NO;
				DEBUG_INFORMATION_FORMAT = "dwarf-with-dsym";
				ENABLE_NS_ASSERTIONS = NO;
				ENABLE_STRICT_OBJC_MSGSEND = YES;
				GCC_C_LANGUAGE_STANDARD = gnu11;
				GCC_NO_COMMON_BLOCKS = YES;
				GCC_WARN_64_TO_32_BIT_CONVERSION = YES;
				GCC_WARN_ABOUT_RETURN_TYPE = YES_ERROR;
				GCC_WARN_UNDECLARED_SELECTOR = YES;
				GCC_WARN_UNINITIALIZED_AUTOS = YES_AGGRESSIVE;
				GCC_WARN_UNUSED_FUNCTION = YES;
				GCC_WARN_UNUSED_VARIABLE = YES;
				IPHONEOS_DEPLOYMENT_TARGET = 11.4;
				MTL_ENABLE_DEBUG_INFO = NO;
				SDKROOT = iphoneos;
				VALIDATE_PRODUCT = YES;
			};
			name = Release;
		};
		3063CBB520ECC22E009B75B1 /* Debug */ = {
			isa = XCBuildConfiguration;
			buildSettings = {
				ASSETCATALOG_COMPILER_APPICON_NAME = AppIcon;
				CODE_SIGN_STYLE = Automatic;
				DEVELOPMENT_TEAM = 2PB2XYK7EA;
				INFOPLIST_FILE = FJTextInputIntercepterDemo/Info.plist;
				IPHONEOS_DEPLOYMENT_TARGET = 8.0;
				LD_RUNPATH_SEARCH_PATHS = (
					"$(inherited)",
					"@executable_path/Frameworks",
				);
				PRODUCT_BUNDLE_IDENTIFIER = FJF.test.com;
				PRODUCT_NAME = "$(TARGET_NAME)";
				TARGETED_DEVICE_FAMILY = "1,2";
			};
			name = Debug;
		};
		3063CBB620ECC22E009B75B1 /* Release */ = {
			isa = XCBuildConfiguration;
			buildSettings = {
				ASSETCATALOG_COMPILER_APPICON_NAME = AppIcon;
				CODE_SIGN_STYLE = Automatic;
				DEVELOPMENT_TEAM = 2PB2XYK7EA;
				INFOPLIST_FILE = FJTextInputIntercepterDemo/Info.plist;
				IPHONEOS_DEPLOYMENT_TARGET = 8.0;
				LD_RUNPATH_SEARCH_PATHS = (
					"$(inherited)",
					"@executable_path/Frameworks",
				);
				PRODUCT_BUNDLE_IDENTIFIER = FJF.test.com;
				PRODUCT_NAME = "$(TARGET_NAME)";
				TARGETED_DEVICE_FAMILY = "1,2";
			};
			name = Release;
		};
		3063CBB820ECC22E009B75B1 /* Debug */ = {
			isa = XCBuildConfiguration;
			buildSettings = {
				BUNDLE_LOADER = "$(TEST_HOST)";
				CODE_SIGN_STYLE = Automatic;
				DEVELOPMENT_TEAM = 2PB2XYK7EA;
				INFOPLIST_FILE = FJTextInputIntercepterDemoTests/Info.plist;
				LD_RUNPATH_SEARCH_PATHS = (
					"$(inherited)",
					"@executable_path/Frameworks",
					"@loader_path/Frameworks",
				);
				PRODUCT_BUNDLE_IDENTIFIER = FJF.FJTextInputIntercepterDemoTests;
				PRODUCT_NAME = "$(TARGET_NAME)";
				TARGETED_DEVICE_FAMILY = "1,2";
				TEST_HOST = "$(BUILT_PRODUCTS_DIR)/FJTextInputIntercepterDemo.app/FJTextInputIntercepterDemo";
			};
			name = Debug;
		};
		3063CBB920ECC22E009B75B1 /* Release */ = {
			isa = XCBuildConfiguration;
			buildSettings = {
				BUNDLE_LOADER = "$(TEST_HOST)";
				CODE_SIGN_STYLE = Automatic;
				DEVELOPMENT_TEAM = 2PB2XYK7EA;
				INFOPLIST_FILE = FJTextInputIntercepterDemoTests/Info.plist;
				LD_RUNPATH_SEARCH_PATHS = (
					"$(inherited)",
					"@executable_path/Frameworks",
					"@loader_path/Frameworks",
				);
				PRODUCT_BUNDLE_IDENTIFIER = FJF.FJTextInputIntercepterDemoTests;
				PRODUCT_NAME = "$(TARGET_NAME)";
				TARGETED_DEVICE_FAMILY = "1,2";
				TEST_HOST = "$(BUILT_PRODUCTS_DIR)/FJTextInputIntercepterDemo.app/FJTextInputIntercepterDemo";
			};
			name = Release;
		};
		3063CBBB20ECC22E009B75B1 /* Debug */ = {
			isa = XCBuildConfiguration;
			buildSettings = {
				CODE_SIGN_STYLE = Automatic;
				DEVELOPMENT_TEAM = 2PB2XYK7EA;
				INFOPLIST_FILE = FJTextInputIntercepterDemoUITests/Info.plist;
				LD_RUNPATH_SEARCH_PATHS = (
					"$(inherited)",
					"@executable_path/Frameworks",
					"@loader_path/Frameworks",
				);
				PRODUCT_BUNDLE_IDENTIFIER = FJF.FJTextInputIntercepterDemoUITests;
				PRODUCT_NAME = "$(TARGET_NAME)";
				TARGETED_DEVICE_FAMILY = "1,2";
				TEST_TARGET_NAME = FJTextInputIntercepterDemo;
			};
			name = Debug;
		};
		3063CBBC20ECC22E009B75B1 /* Release */ = {
			isa = XCBuildConfiguration;
			buildSettings = {
				CODE_SIGN_STYLE = Automatic;
				DEVELOPMENT_TEAM = 2PB2XYK7EA;
				INFOPLIST_FILE = FJTextInputIntercepterDemoUITests/Info.plist;
				LD_RUNPATH_SEARCH_PATHS = (
					"$(inherited)",
					"@executable_path/Frameworks",
					"@loader_path/Frameworks",
				);
				PRODUCT_BUNDLE_IDENTIFIER = FJF.FJTextInputIntercepterDemoUITests;
				PRODUCT_NAME = "$(TARGET_NAME)";
				TARGETED_DEVICE_FAMILY = "1,2";
				TEST_TARGET_NAME = FJTextInputIntercepterDemo;
			};
			name = Release;
		};
/* End XCBuildConfiguration section */

/* Begin XCConfigurationList section */
		3063CB8320ECC22D009B75B1 /* Build configuration list for PBXProject "FJTextInputIntercepterDemo" */ = {
			isa = XCConfigurationList;
			buildConfigurations = (
				3063CBB220ECC22E009B75B1 /* Debug */,
				3063CBB320ECC22E009B75B1 /* Release */,
			);
			defaultConfigurationIsVisible = 0;
			defaultConfigurationName = Release;
		};
		3063CBB420ECC22E009B75B1 /* Build configuration list for PBXNativeTarget "FJTextInputIntercepterDemo" */ = {
			isa = XCConfigurationList;
			buildConfigurations = (
				3063CBB520ECC22E009B75B1 /* Debug */,
				3063CBB620ECC22E009B75B1 /* Release */,
			);
			defaultConfigurationIsVisible = 0;
			defaultConfigurationName = Release;
		};
		3063CBB720ECC22E009B75B1 /* Build configuration list for PBXNativeTarget "FJTextInputIntercepterDemoTests" */ = {
			isa = XCConfigurationList;
			buildConfigurations = (
				3063CBB820ECC22E009B75B1 /* Debug */,
				3063CBB920ECC22E009B75B1 /* Release */,
			);
			defaultConfigurationIsVisible = 0;
			defaultConfigurationName = Release;
		};
		3063CBBA20ECC22E009B75B1 /* Build configuration list for PBXNativeTarget "FJTextInputIntercepterDemoUITests" */ = {
			isa = XCConfigurationList;
			buildConfigurations = (
				3063CBBB20ECC22E009B75B1 /* Debug */,
				3063CBBC20ECC22E009B75B1 /* Release */,
			);
			defaultConfigurationIsVisible = 0;
			defaultConfigurationName = Release;
		};
/* End XCConfigurationList section */
	};
	rootObject = 3063CB8020ECC22D009B75B1 /* Project object */;
}
